// !$*UTF8*$!
{
	archiveVersion = 1;
	classes = {
	};
	objectVersion = 46;
	objects = {

/* Begin PBXBuildFile section */
		174AD440206520CF00B6F82B /* CellController.swift in Sources */ = {isa = PBXBuildFile; fileRef = 174AD43F206520CF00B6F82B /* CellController.swift */; };
		FA2F4089201F21FB008B2799 /* AppDelegate.swift in Sources */ = {isa = PBXBuildFile; fileRef = FA2F4088201F21FB008B2799 /* AppDelegate.swift */; };
		FA2F408B201F21FB008B2799 /* ViewController.swift in Sources */ = {isa = PBXBuildFile; fileRef = FA2F408A201F21FB008B2799 /* ViewController.swift */; };
		FA2F408E201F21FB008B2799 /* Main.storyboard in Resources */ = {isa = PBXBuildFile; fileRef = FA2F408C201F21FB008B2799 /* Main.storyboard */; };
		FA2F4090201F21FB008B2799 /* Assets.xcassets in Resources */ = {isa = PBXBuildFile; fileRef = FA2F408F201F21FB008B2799 /* Assets.xcassets */; };
		FA2F4093201F21FB008B2799 /* LaunchScreen.storyboard in Resources */ = {isa = PBXBuildFile; fileRef = FA2F4091201F21FB008B2799 /* LaunchScreen.storyboard */; };
		FA594EE4201F5C6B00C4F4CF /* ItemCell.swift in Sources */ = {isa = PBXBuildFile; fileRef = FA594EE3201F5C6B00C4F4CF /* ItemCell.swift */; };
/* End PBXBuildFile section */

/* Begin PBXFileReference section */
		174AD43F206520CF00B6F82B /* CellController.swift */ = {isa = PBXFileReference; lastKnownFileType = sourcecode.swift; path = CellController.swift; sourceTree = "<group>"; };
		FA2F4085201F21FB008B2799 /* framework.app */ = {isa = PBXFileReference; explicitFileType = wrapper.application; includeInIndex = 0; path = framework.app; sourceTree = BUILT_PRODUCTS_DIR; };
		FA2F4088201F21FB008B2799 /* AppDelegate.swift */ = {isa = PBXFileReference; lastKnownFileType = sourcecode.swift; path = AppDelegate.swift; sourceTree = "<group>"; };
		FA2F408A201F21FB008B2799 /* ViewController.swift */ = {isa = PBXFileReference; lastKnownFileType = sourcecode.swift; path = ViewController.swift; sourceTree = "<group>"; };
		FA2F408D201F21FB008B2799 /* Base */ = {isa = PBXFileReference; lastKnownFileType = file.storyboard; name = Base; path = Base.lproj/Main.storyboard; sourceTree = "<group>"; };
		FA2F408F201F21FB008B2799 /* Assets.xcassets */ = {isa = PBXFileReference; lastKnownFileType = folder.assetcatalog; path = Assets.xcassets; sourceTree = "<group>"; };
		FA2F4092201F21FB008B2799 /* Base */ = {isa = PBXFileReference; lastKnownFileType = file.storyboard; name = Base; path = Base.lproj/LaunchScreen.storyboard; sourceTree = "<group>"; };
		FA2F4094201F21FB008B2799 /* Info.plist */ = {isa = PBXFileReference; lastKnownFileType = text.plist.xml; path = Info.plist; sourceTree = "<group>"; };
		FA594EE3201F5C6B00C4F4CF /* ItemCell.swift */ = {isa = PBXFileReference; fileEncoding = 4; lastKnownFileType = sourcecode.swift; path = ItemCell.swift; sourceTree = "<group>"; };
/* End PBXFileReference section */

/* Begin PBXFrameworksBuildPhase section */
		FA2F4082201F21FA008B2799 /* Frameworks */ = {
			isa = PBXFrameworksBuildPhase;
			buildActionMask = 2147483647;
			files = (
			);
			runOnlyForDeploymentPostprocessing = 0;
		};
/* End PBXFrameworksBuildPhase section */

/* Begin PBXGroup section */
		FA2F407C201F21FA008B2799 = {
			isa = PBXGroup;
			children = (
				FA2F4087201F21FB008B2799 /* framework */,
				FA2F4086201F21FB008B2799 /* Products */,
			);
			sourceTree = "<group>";
		};
		FA2F4086201F21FB008B2799 /* Products */ = {
			isa = PBXGroup;
			children = (
				FA2F4085201F21FB008B2799 /* framework.app */,
			);
			name = Products;
			sourceTree = "<group>";
		};
		FA2F4087201F21FB008B2799 /* framework */ = {
			isa = PBXGroup;
			children = (
				FA2F4088201F21FB008B2799 /* AppDelegate.swift */,
				FA2F408A201F21FB008B2799 /* ViewController.swift */,
				FA2F408C201F21FB008B2799 /* Main.storyboard */,
				FA2F408F201F21FB008B2799 /* Assets.xcassets */,
				FA2F4091201F21FB008B2799 /* LaunchScreen.storyboard */,
				FA2F4094201F21FB008B2799 /* Info.plist */,
				FA594EE3201F5C6B00C4F4CF /* ItemCell.swift */,
				174AD43F206520CF00B6F82B /* CellController.swift */,
			);
			path = framework;
			sourceTree = "<group>";
		};
/* End PBXGroup section */

/* Begin PBXNativeTarget section */
		FA2F4084201F21FA008B2799 /* framework */ = {
			isa = PBXNativeTarget;
			buildConfigurationList = FA2F4097201F21FB008B2799 /* Build configuration list for PBXNativeTarget "framework" */;
			buildPhases = (
				FA2F4081201F21FA008B2799 /* Sources */,
				FA2F4082201F21FA008B2799 /* Frameworks */,
				FA2F4083201F21FA008B2799 /* Resources */,
			);
			buildRules = (
			);
			dependencies = (
			);
			name = framework;
			productName = framework;
			productReference = FA2F4085201F21FB008B2799 /* framework.app */;
			productType = "com.apple.product-type.application";
		};
/* End PBXNativeTarget section */

/* Begin PBXProject section */
		FA2F407D201F21FA008B2799 /* Project object */ = {
			isa = PBXProject;
			attributes = {
				LastSwiftUpdateCheck = 0820;
				LastUpgradeCheck = 0820;
				ORGANIZATIONNAME = "SUP'Internet 09";
				TargetAttributes = {
					FA2F4084201F21FA008B2799 = {
						CreatedOnToolsVersion = 8.2.1;
						ProvisioningStyle = Automatic;
					};
				};
			};
			buildConfigurationList = FA2F4080201F21FA008B2799 /* Build configuration list for PBXProject "framework" */;
			compatibilityVersion = "Xcode 3.2";
			developmentRegion = English;
			hasScannedForEncodings = 0;
			knownRegions = (
				en,
				Base,
			);
			mainGroup = FA2F407C201F21FA008B2799;
			productRefGroup = FA2F4086201F21FB008B2799 /* Products */;
			projectDirPath = "";
			projectRoot = "";
			targets = (
				FA2F4084201F21FA008B2799 /* framework */,
			);
		};
/* End PBXProject section */

/* Begin PBXResourcesBuildPhase section */
		FA2F4083201F21FA008B2799 /* Resources */ = {
			isa = PBXResourcesBuildPhase;
			buildActionMask = 2147483647;
			files = (
				FA2F4093201F21FB008B2799 /* LaunchScreen.storyboard in Resources */,
				FA2F4090201F21FB008B2799 /* Assets.xcassets in Resources */,
				FA2F408E201F21FB008B2799 /* Main.storyboard in Resources */,
			);
			runOnlyForDeploymentPostprocessing = 0;
		};
/* End PBXResourcesBuildPhase section */

/* Begin PBXSourcesBuildPhase section */
		FA2F4081201F21FA008B2799 /* Sources */ = {
			isa = PBXSourcesBuildPhase;
			buildActionMask = 2147483647;
			files = (
				FA2F408B201F21FB008B2799 /* ViewController.swift in Sources */,
				FA2F4089201F21FB008B2799 /* AppDelegate.swift in Sources */,
				FA594EE4201F5C6B00C4F4CF /* ItemCell.swift in Sources */,
				174AD440206520CF00B6F82B /* CellController.swift in Sources */,
			);
			runOnlyForDeploymentPostprocessing = 0;
		};
/* End PBXSourcesBuildPhase section */

/* Begin PBXVariantGroup section */
		FA2F408C201F21FB008B2799 /* Main.storyboard */ = {
			isa = PBXVariantGroup;
			children = (
				FA2F408D201F21FB008B2799 /* Base */,
			);
			name = Main.storyboard;
			sourceTree = "<group>";
		};
		FA2F4091201F21FB008B2799 /* LaunchScreen.storyboard */ = {
			isa = PBXVariantGroup;
			children = (
				FA2F4092201F21FB008B2799 /* Base */,
			);
			name = LaunchScreen.storyboard;
			sourceTree = "<group>";
		};
/* End PBXVariantGroup section */

/* Begin XCBuildConfiguration section */
		FA2F4095201F21FB008B2799 /* Debug */ = {
			isa = XCBuildConfiguration;
			buildSettings = {
				ALWAYS_SEARCH_USER_PATHS = NO;
				CLANG_ANALYZER_NONNULL = YES;
				CLANG_CXX_LANGUAGE_STANDARD = "gnu++0x";
				CLANG_CXX_LIBRARY = "libc++";
				CLANG_ENABLE_MODULES = YES;
				CLANG_ENABLE_OBJC_ARC = YES;
				CLANG_WARN_BOOL_CONVERSION = YES;
				CLANG_WARN_CONSTANT_CONVERSION = YES;
				CLANG_WARN_DIRECT_OBJC_ISA_USAGE = YES_ERROR;
				CLANG_WARN_DOCUMENTATION_COMMENTS = YES;
				CLANG_WARN_EMPTY_BODY = YES;
				CLANG_WARN_ENUM_CONVERSION = YES;
				CLANG_WARN_INFINITE_RECURSION = YES;
				CLANG_WARN_INT_CONVERSION = YES;
				CLANG_WARN_OBJC_ROOT_CLASS = YES_ERROR;
				CLANG_WARN_SUSPICIOUS_MOVE = YES;
				CLANG_WARN_UNREACHABLE_CODE = YES;
				CLANG_WARN__DUPLICATE_METHOD_MATCH = YES;
				"CODE_SIGN_IDENTITY[sdk=iphoneos*]" = "iPhone Developer";
				COPY_PHASE_STRIP = NO;
				DEBUG_INFORMATION_FORMAT = dwarf;
				ENABLE_STRICT_OBJC_MSGSEND = YES;
				ENABLE_TESTABILITY = YES;
				GCC_C_LANGUAGE_STANDARD = gnu99;
				GCC_DYNAMIC_NO_PIC = NO;
				GCC_NO_COMMON_BLOCKS = YES;
				GCC_OPTIMIZATION_LEVEL = 0;
				GCC_PREPROCESSOR_DEFINITIONS = (
					"DEBUG=1",
					"$(inherited)",
				);
				GCC_WARN_64_TO_32_BIT_CONVERSION = YES;
				GCC_WARN_ABOUT_RETURN_TYPE = YES_ERROR;
				GCC_WARN_UNDECLARED_SELECTOR = YES;
				GCC_WARN_UNINITIALIZED_AUTOS = YES_AGGRESSIVE;
				GCC_WARN_UNUSED_FUNCTION = YES;
				GCC_WARN_UNUSED_VARIABLE = YES;
				IPHONEOS_DEPLOYMENT_TARGET = 10.2;
				MTL_ENABLE_DEBUG_INFO = YES;
				ONLY_ACTIVE_ARCH = YES;
				SDKROOT = iphoneos;
				SWIFT_ACTIVE_COMPILATION_CONDITIONS = DEBUG;
				SWIFT_OPTIMIZATION_LEVEL = "-Onone";
				TARGETED_DEVICE_FAMILY = "1,2";
			};
			name = Debug;
		};
		FA2F4096201F21FB008B2799 /* Release */ = {
			isa = XCBuildConfiguration;
			buildSettings = {
				ALWAYS_SEARCH_USER_PATHS = NO;
				CLANG_ANALYZER_NONNULL = YES;
				CLANG_CXX_LANGUAGE_STANDARD = "gnu++0x";
				CLANG_CXX_LIBRARY = "libc++";
				CLANG_ENABLE_MODULES = YES;
				CLANG_ENABLE_OBJC_ARC = YES;
				CLANG_WARN_BOOL_CONVERSION = YES;
				CLANG_WARN_CONSTANT_CONVERSION = YES;
				CLANG_WARN_DIRECT_OBJC_ISA_USAGE = YES_ERROR;
				CLANG_WARN_DOCUMENTATION_COMMENTS = YES;
				CLANG_WARN_EMPTY_BODY = YES;
				CLANG_WARN_ENUM_CONVERSION = YES;
				CLANG_WARN_INFINITE_RECURSION = YES;
				CLANG_WARN_INT_CONVERSION = YES;
				CLANG_WARN_OBJC_ROOT_CLASS = YES_ERROR;
				CLANG_WARN_SUSPICIOUS_MOVE = YES;
				CLANG_WARN_UNREACHABLE_CODE = YES;
				CLANG_WARN__DUPLICATE_METHOD_MATCH = YES;
				"CODE_SIGN_IDENTITY[sdk=iphoneos*]" = "iPhone Developer";
				COPY_PHASE_STRIP = NO;
				DEBUG_INFORMATION_FORMAT = "dwarf-with-dsym";
				ENABLE_NS_ASSERTIONS = NO;
				ENABLE_STRICT_OBJC_MSGSEND = YES;
				GCC_C_LANGUAGE_STANDARD = gnu99;
				GCC_NO_COMMON_BLOCKS = YES;
				GCC_WARN_64_TO_32_BIT_CONVERSION = YES;
				GCC_WARN_ABOUT_RETURN_TYPE = YES_ERROR;
				GCC_WARN_UNDECLARED_SELECTOR = YES;
				GCC_WARN_UNINITIALIZED_AUTOS = YES_AGGRESSIVE;
				GCC_WARN_UNUSED_FUNCTION = YES;
				GCC_WARN_UNUSED_VARIABLE = YES;
				IPHONEOS_DEPLOYMENT_TARGET = 10.2;
				MTL_ENABLE_DEBUG_INFO = NO;
				SDKROOT = iphoneos;
				SWIFT_OPTIMIZATION_LEVEL = "-Owholemodule";
				TARGETED_DEVICE_FAMILY = "1,2";
				VALIDATE_PRODUCT = YES;
			};
			name = Release;
		};
		FA2F4098201F21FB008B2799 /* Debug */ = {
			isa = XCBuildConfiguration;
			buildSettings = {
				ASSETCATALOG_COMPILER_APPICON_NAME = AppIcon;
				INFOPLIST_FILE = framework/Info.plist;
				LD_RUNPATH_SEARCH_PATHS = "$(inherited) @executable_path/Frameworks";
				PRODUCT_BUNDLE_IDENTIFIER = FlorianDesjouis.framework;
				PRODUCT_NAME = "$(TARGET_NAME)";
				SWIFT_VERSION = 3.0;
			};
			name = Debug;
		};
		FA2F4099201F21FB008B2799 /* Release */ = {
			isa = XCBuildConfiguration;
			buildSettings = {
				ASSETCATALOG_COMPILER_APPICON_NAME = AppIcon;
				INFOPLIST_FILE = framework/Info.plist;
				LD_RUNPATH_SEARCH_PATHS = "$(inherited) @executable_path/Frameworks";
				PRODUCT_BUNDLE_IDENTIFIER = FlorianDesjouis.framework;
				PRODUCT_NAME = "$(TARGET_NAME)";
				SWIFT_VERSION = 3.0;
			};
			name = Release;
		};
/* End XCBuildConfiguration section */

/* Begin XCConfigurationList section */
		FA2F4080201F21FA008B2799 /* Build configuration list for PBXProject "framework" */ = {
			isa = XCConfigurationList;
			buildConfigurations = (
				FA2F4095201F21FB008B2799 /* Debug */,
				FA2F4096201F21FB008B2799 /* Release */,
			);
			defaultConfigurationIsVisible = 0;
			defaultConfigurationName = Release;
		};
		FA2F4097201F21FB008B2799 /* Build configuration list for PBXNativeTarget "framework" */ = {
			isa = XCConfigurationList;
			buildConfigurations = (
				FA2F4098201F21FB008B2799 /* Debug */,
				FA2F4099201F21FB008B2799 /* Release */,
			);
			defaultConfigurationIsVisible = 0;
			defaultConfigurationName = Release;
		};
/* End XCConfigurationList section */
	};
	rootObject = FA2F407D201F21FA008B2799 /* Project object */;
}
